
Microsoft Visual Studio Solution File, Format Version 12.00
# Visual Studio Version 16
VisualStudioVersion = 16.0.30711.63
MinimumVisualStudioVersion = 10.0.40219.1
Project("{FAE04EC0-301F-11D3-BF4B-00C04F79EFBC}") = "even_odd_numbers", "even_odd_numbers\even_odd_numbers.csproj", "{9E29A135-7334-4740-BE8B-2551AD794538}"
EndProject
Global
	GlobalSection(SolutionConfigurationPlatforms) = preSolution
		Debug|Any CPU = Debug|Any CPU
		Release|Any CPU = Release|Any CPU
	EndGlobalSection
	GlobalSection(ProjectConfigurationPlatforms) = postSolution
		{9E29A135-7334-4740-BE8B-2551AD794538}.Debug|Any CPU.ActiveCfg = Debug|Any CPU
		{9E29A135-7334-4740-BE8B-2551AD794538}.Debug|Any CPU.Build.0 = Debug|Any CPU
		{9E29A135-7334-4740-BE8B-2551AD794538}.Release|Any CPU.ActiveCfg = Release|Any CPU
		{9E29A135-7334-4740-BE8B-2551AD794538}.Release|Any CPU.Build.0 = Release|Any CPU
	EndGlobalSection
	GlobalSection(SolutionProperties) = preSolution
		HideSolutionNode = FALSE
	EndGlobalSection
	GlobalSection(ExtensibilityGlobals) = postSolution
		SolutionGuid = {E7CD568C-DBB4-40A7-A734-CBF1B3060B01}
	EndGlobalSection
EndGlobal
